
Microsoft Visual Studio Solution File, Format Version 12.00
# Visual Studio Version 16
VisualStudioVersion = 16.0.29424.173
MinimumVisualStudioVersion = 10.0.40219.1
Project("{9A19103F-16F7-4668-BE54-9A1E7A4F7556}") = "GenericHeap", "GenericHeap\GenericHeap.csproj", "{8D195B43-6A02-460E-BB11-A3CBD42697A9}"
EndProject
Project("{FAE04EC0-301F-11D3-BF4B-00C04F79EFBC}") = "UnitTests", "UnitTests\UnitTests.csproj", "{DE89E715-1AD1-4AB0-9A34-BFE6E6FE1C37}"
EndProject
Global
	GlobalSection(SolutionConfigurationPlatforms) = preSolution
		Debug|Any CPU = Debug|Any CPU
		Release|Any CPU = Release|Any CPU
	EndGlobalSection
	GlobalSection(ProjectConfigurationPlatforms) = postSolution
		{8D195B43-6A02-460E-BB11-A3CBD42697A9}.Debug|Any CPU.ActiveCfg = Debug|Any CPU
		{8D195B43-6A02-460E-BB11-A3CBD42697A9}.Debug|Any CPU.Build.0 = Debug|Any CPU
		{8D195B43-6A02-460E-BB11-A3CBD42697A9}.Release|Any CPU.ActiveCfg = Release|Any CPU
		{8D195B43-6A02-460E-BB11-A3CBD42697A9}.Release|Any CPU.Build.0 = Release|Any CPU
		{DE89E715-1AD1-4AB0-9A34-BFE6E6FE1C37}.Debug|Any CPU.ActiveCfg = Debug|Any CPU
		{DE89E715-1AD1-4AB0-9A34-BFE6E6FE1C37}.Debug|Any CPU.Build.0 = Debug|Any CPU
		{DE89E715-1AD1-4AB0-9A34-BFE6E6FE1C37}.Release|Any CPU.ActiveCfg = Release|Any CPU
		{DE89E715-1AD1-4AB0-9A34-BFE6E6FE1C37}.Release|Any CPU.Build.0 = Release|Any CPU
	EndGlobalSection
	GlobalSection(SolutionProperties) = preSolution
		HideSolutionNode = FALSE
	EndGlobalSection
	GlobalSection(ExtensibilityGlobals) = postSolution
		SolutionGuid = {4DAA8BB6-4C0A-4B9D-B253-DE57ECBF5DE5}
	EndGlobalSection
EndGlobal
